
Microsoft Visual Studio Solution File, Format Version 12.00
# Visual Studio 2013
VisualStudioVersion = 12.0.21005.1
MinimumVisualStudioVersion = 10.0.40219.1
Project("{FAE04EC0-301F-11D3-BF4B-00C04F79EFBC}") = "Report_Builder", "Report_Builder\Report_Builder.csproj", "{0AC7F64E-0904-4F77-8085-B6A2E4C1C14E}"
EndProject
Global
	GlobalSection(SolutionConfigurationPlatforms) = preSolution
		Debug|Any CPU = Debug|Any CPU
		Release|Any CPU = Release|Any CPU
	EndGlobalSection
	GlobalSection(ProjectConfigurationPlatforms) = postSolution
		{0AC7F64E-0904-4F77-8085-B6A2E4C1C14E}.Debug|Any CPU.ActiveCfg = Debug|Any CPU
		{0AC7F64E-0904-4F77-8085-B6A2E4C1C14E}.Debug|Any CPU.Build.0 = Debug|Any CPU
		{0AC7F64E-0904-4F77-8085-B6A2E4C1C14E}.Release|Any CPU.ActiveCfg = Release|Any CPU
		{0AC7F64E-0904-4F77-8085-B6A2E4C1C14E}.Release|Any CPU.Build.0 = Release|Any CPU
	EndGlobalSection
	GlobalSection(SolutionProperties) = preSolution
		HideSolutionNode = FALSE
	EndGlobalSection
EndGlobal
