
Microsoft Visual Studio Solution File, Format Version 12.00
# Visual Studio 2013
VisualStudioVersion = 12.0.30723.0
MinimumVisualStudioVersion = 10.0.40219.1
Project("{FAE04EC0-301F-11D3-BF4B-00C04F79EFBC}") = "Models", "Models\Models.csproj", "{C9DA6316-3784-43E4-9F25-E72C84B93C9D}"
EndProject
Project("{FAE04EC0-301F-11D3-BF4B-00C04F79EFBC}") = "ApiHost", "ApiHost\ApiHost.csproj", "{C600A87C-21C7-4EE3-BFED-91791144D934}"
EndProject
Project("{FAE04EC0-301F-11D3-BF4B-00C04F79EFBC}") = "DataLayer", "DataLayer\DataLayer.csproj", "{6A6A113F-672E-4537-ACC0-EA44451FAAAE}"
EndProject
Project("{FAE04EC0-301F-11D3-BF4B-00C04F79EFBC}") = "BussinessLogic", "BussinessLogic\BussinessLogic.csproj", "{12D1358C-7F1E-41ED-8B8E-031C0FCB5FF1}"
EndProject
Project("{FAE04EC0-301F-11D3-BF4B-00C04F79EFBC}") = "Logging", "Logging\Logging.csproj", "{5D679C76-30BD-4BE6-B696-FE246D0356BF}"
EndProject
Project("{FAE04EC0-301F-11D3-BF4B-00C04F79EFBC}") = "BussinessLogic_Tests", "BussinessLogic_Tests\BussinessLogic_Tests.csproj", "{877141F3-7740-4E24-83EB-15D6F5BD2A5B}"
EndProject
Global
	GlobalSection(SolutionConfigurationPlatforms) = preSolution
		Debug|Any CPU = Debug|Any CPU
		Release|Any CPU = Release|Any CPU
	EndGlobalSection
	GlobalSection(ProjectConfigurationPlatforms) = postSolution
		{C9DA6316-3784-43E4-9F25-E72C84B93C9D}.Debug|Any CPU.ActiveCfg = Debug|Any CPU
		{C9DA6316-3784-43E4-9F25-E72C84B93C9D}.Debug|Any CPU.Build.0 = Debug|Any CPU
		{C9DA6316-3784-43E4-9F25-E72C84B93C9D}.Release|Any CPU.ActiveCfg = Release|Any CPU
		{C9DA6316-3784-43E4-9F25-E72C84B93C9D}.Release|Any CPU.Build.0 = Release|Any CPU
		{C600A87C-21C7-4EE3-BFED-91791144D934}.Debug|Any CPU.ActiveCfg = Debug|Any CPU
		{C600A87C-21C7-4EE3-BFED-91791144D934}.Debug|Any CPU.Build.0 = Debug|Any CPU
		{C600A87C-21C7-4EE3-BFED-91791144D934}.Release|Any CPU.ActiveCfg = Release|Any CPU
		{C600A87C-21C7-4EE3-BFED-91791144D934}.Release|Any CPU.Build.0 = Release|Any CPU
		{6A6A113F-672E-4537-ACC0-EA44451FAAAE}.Debug|Any CPU.ActiveCfg = Debug|Any CPU
		{6A6A113F-672E-4537-ACC0-EA44451FAAAE}.Debug|Any CPU.Build.0 = Debug|Any CPU
		{6A6A113F-672E-4537-ACC0-EA44451FAAAE}.Release|Any CPU.ActiveCfg = Release|Any CPU
		{6A6A113F-672E-4537-ACC0-EA44451FAAAE}.Release|Any CPU.Build.0 = Release|Any CPU
		{12D1358C-7F1E-41ED-8B8E-031C0FCB5FF1}.Debug|Any CPU.ActiveCfg = Debug|Any CPU
		{12D1358C-7F1E-41ED-8B8E-031C0FCB5FF1}.Debug|Any CPU.Build.0 = Debug|Any CPU
		{12D1358C-7F1E-41ED-8B8E-031C0FCB5FF1}.Release|Any CPU.ActiveCfg = Release|Any CPU
		{12D1358C-7F1E-41ED-8B8E-031C0FCB5FF1}.Release|Any CPU.Build.0 = Release|Any CPU
		{5D679C76-30BD-4BE6-B696-FE246D0356BF}.Debug|Any CPU.ActiveCfg = Debug|Any CPU
		{5D679C76-30BD-4BE6-B696-FE246D0356BF}.Debug|Any CPU.Build.0 = Debug|Any CPU
		{5D679C76-30BD-4BE6-B696-FE246D0356BF}.Release|Any CPU.ActiveCfg = Release|Any CPU
		{5D679C76-30BD-4BE6-B696-FE246D0356BF}.Release|Any CPU.Build.0 = Release|Any CPU
		{877141F3-7740-4E24-83EB-15D6F5BD2A5B}.Debug|Any CPU.ActiveCfg = Debug|Any CPU
		{877141F3-7740-4E24-83EB-15D6F5BD2A5B}.Debug|Any CPU.Build.0 = Debug|Any CPU
		{877141F3-7740-4E24-83EB-15D6F5BD2A5B}.Release|Any CPU.ActiveCfg = Release|Any CPU
		{877141F3-7740-4E24-83EB-15D6F5BD2A5B}.Release|Any CPU.Build.0 = Release|Any CPU
	EndGlobalSection
	GlobalSection(SolutionProperties) = preSolution
		HideSolutionNode = FALSE
	EndGlobalSection
EndGlobal
